
Microsoft Visual Studio Solution File, Format Version 12.00
# Visual Studio 2012
Project("{FAE04EC0-301F-11D3-BF4B-00C04F79EFBC}") = "DocumentShare", "DocumentShare\DocumentShare.csproj", "{263A3B49-1069-43E5-B18A-88240727978D}"
EndProject
Project("{FAE04EC0-301F-11D3-BF4B-00C04F79EFBC}") = "DocumentShare.Tests", "DocumentShare.Tests\DocumentShare.Tests.csproj", "{AF49EDFE-852F-4A91-AC9E-C1E3577E5C67}"
EndProject
Global
	GlobalSection(SolutionConfigurationPlatforms) = preSolution
		Debug|Any CPU = Debug|Any CPU
		Release|Any CPU = Release|Any CPU
	EndGlobalSection
	GlobalSection(ProjectConfigurationPlatforms) = postSolution
		{263A3B49-1069-43E5-B18A-88240727978D}.Debug|Any CPU.ActiveCfg = Debug|Any CPU
		{263A3B49-1069-43E5-B18A-88240727978D}.Debug|Any CPU.Build.0 = Debug|Any CPU
		{263A3B49-1069-43E5-B18A-88240727978D}.Release|Any CPU.ActiveCfg = Release|Any CPU
		{263A3B49-1069-43E5-B18A-88240727978D}.Release|Any CPU.Build.0 = Release|Any CPU
		{AF49EDFE-852F-4A91-AC9E-C1E3577E5C67}.Debug|Any CPU.ActiveCfg = Debug|Any CPU
		{AF49EDFE-852F-4A91-AC9E-C1E3577E5C67}.Debug|Any CPU.Build.0 = Debug|Any CPU
		{AF49EDFE-852F-4A91-AC9E-C1E3577E5C67}.Release|Any CPU.ActiveCfg = Release|Any CPU
		{AF49EDFE-852F-4A91-AC9E-C1E3577E5C67}.Release|Any CPU.Build.0 = Release|Any CPU
	EndGlobalSection
	GlobalSection(SolutionProperties) = preSolution
		HideSolutionNode = FALSE
	EndGlobalSection
EndGlobal
